
Microsoft Visual Studio Solution File, Format Version 11.00
# Visual Studio 2010
Project("{FAE04EC0-301F-11D3-BF4B-00C04F79EFBC}") = "TDSM-WarpDrive", "TDSM-WarpDrive\TDSM-WarpDrive.csproj", "{5006EE5C-C259-4155-BA77-F8CBDED8105A}"
EndProject
Global
	GlobalSection(SolutionConfigurationPlatforms) = preSolution
		Debug|Any CPU = Debug|Any CPU
		Release|Any CPU = Release|Any CPU
	EndGlobalSection
	GlobalSection(ProjectConfigurationPlatforms) = postSolution
		{5006EE5C-C259-4155-BA77-F8CBDED8105A}.Debug|Any CPU.ActiveCfg = Debug|Any CPU
		{5006EE5C-C259-4155-BA77-F8CBDED8105A}.Debug|Any CPU.Build.0 = Debug|Any CPU
		{5006EE5C-C259-4155-BA77-F8CBDED8105A}.Release|Any CPU.ActiveCfg = Release|Any CPU
		{5006EE5C-C259-4155-BA77-F8CBDED8105A}.Release|Any CPU.Build.0 = Release|Any CPU
	EndGlobalSection
	GlobalSection(MonoDevelopProperties) = preSolution
		StartupItem = TDSM-WarpDrive\TDSM-WarpDrive.csproj
		Policies = $0
		$0.StandardHeader = $1
		$1.Text = 
		$1.IncludeInNewFiles = True
		$0.VersionControlPolicy = $2
		$2.inheritsSet = Mono
		$0.TextStylePolicy = $3
		$3.inheritsSet = null
		$3.scope = text/x-csharp
		$0.CSharpFormattingPolicy = $4
		$4.inheritsSet = Mono
		$4.inheritsScope = text/x-csharp
		$4.scope = text/x-csharp
		version = 1.0
	EndGlobalSection
EndGlobal
